// !$*UTF8*$!
{
	archiveVersion = 1;
	classes = {
	};
	objectVersion = 46;
	objects = {

/* Begin PBXBuildFile section */
		85272AA61A07541E007E1A6A /* Bolts.framework in Frameworks */ = {isa = PBXBuildFile; fileRef = 85272AA31A07541E007E1A6A /* Bolts.framework */; };
		85272AA71A07541E007E1A6A /* Parse.framework in Frameworks */ = {isa = PBXBuildFile; fileRef = 85272AA41A07541E007E1A6A /* Parse.framework */; };
		85272AA81A07541E007E1A6A /* ParseFacebookUtils.framework in Frameworks */ = {isa = PBXBuildFile; fileRef = 85272AA51A07541E007E1A6A /* ParseFacebookUtils.framework */; };
		85425A621A00D010007DDF09 /* AboutUsViewController.swift in Sources */ = {isa = PBXBuildFile; fileRef = 85425A611A00D010007DDF09 /* AboutUsViewController.swift */; };
		85425A671A00DCFD007DDF09 /* TestViewController.swift in Sources */ = {isa = PBXBuildFile; fileRef = 85425A661A00DCFD007DDF09 /* TestViewController.swift */; };
		8554545919F63EAC0042B3BB /* AppDelegate.swift in Sources */ = {isa = PBXBuildFile; fileRef = 8554545819F63EAC0042B3BB /* AppDelegate.swift */; };
		8554545C19F63EAC0042B3BB /* ios8sample.xcdatamodeld in Sources */ = {isa = PBXBuildFile; fileRef = 8554545A19F63EAC0042B3BB /* ios8sample.xcdatamodeld */; };
		8554545E19F63EAC0042B3BB /* ViewController.swift in Sources */ = {isa = PBXBuildFile; fileRef = 8554545D19F63EAC0042B3BB /* ViewController.swift */; };
		8554546119F63EAC0042B3BB /* Main.storyboard in Resources */ = {isa = PBXBuildFile; fileRef = 8554545F19F63EAC0042B3BB /* Main.storyboard */; };
		8554546619F63EAC0042B3BB /* LaunchScreen.xib in Resources */ = {isa = PBXBuildFile; fileRef = 8554546419F63EAC0042B3BB /* LaunchScreen.xib */; };
		8554547219F63EAD0042B3BB /* ios8sampleTests.swift in Sources */ = {isa = PBXBuildFile; fileRef = 8554547119F63EAD0042B3BB /* ios8sampleTests.swift */; };
		8554547C19F63ECA0042B3BB /* ZAPCollectionViewCell.swift in Sources */ = {isa = PBXBuildFile; fileRef = 8554547B19F63ECA0042B3BB /* ZAPCollectionViewCell.swift */; };
		855801A01A00EEA30071EAE2 /* ContactViewController.swift in Sources */ = {isa = PBXBuildFile; fileRef = 8558019F1A00EEA30071EAE2 /* ContactViewController.swift */; };
		855801A61A01D3F80071EAE2 /* libc++.dylib in Frameworks */ = {isa = PBXBuildFile; fileRef = 855801A51A01D3F80071EAE2 /* libc++.dylib */; settings = {ATTRIBUTES = (Required, ); }; };
		855A7B2E1A2FFB73001097BE /* PageItem3rdViewController.swift in Sources */ = {isa = PBXBuildFile; fileRef = 855A7B2D1A2FFB73001097BE /* PageItem3rdViewController.swift */; };
		855A7B301A2FFB83001097BE /* CustomPage3rdViewController.swift in Sources */ = {isa = PBXBuildFile; fileRef = 855A7B2F1A2FFB83001097BE /* CustomPage3rdViewController.swift */; };
		856642221A09E1DC00501021 /* SketchImageViewController.swift in Sources */ = {isa = PBXBuildFile; fileRef = 856642211A09E1DC00501021 /* SketchImageViewController.swift */; };
		856642241A09E50200501021 /* ProductTableViewController.swift in Sources */ = {isa = PBXBuildFile; fileRef = 856642231A09E50200501021 /* ProductTableViewController.swift */; };
		856642261A09E54300501021 /* ProductTableViewCell.swift in Sources */ = {isa = PBXBuildFile; fileRef = 856642251A09E54300501021 /* ProductTableViewCell.swift */; };
		856DF9971A244E4100BF8ED2 /* CustomMenuViewController.swift in Sources */ = {isa = PBXBuildFile; fileRef = 856DF9961A244E4100BF8ED2 /* CustomMenuViewController.swift */; };
		856DF9A11A26CD5300BF8ED2 /* image1.jpg in Resources */ = {isa = PBXBuildFile; fileRef = 856DF9991A26CD5300BF8ED2 /* image1.jpg */; };
		856DF9A21A26CD5300BF8ED2 /* image2.jpg in Resources */ = {isa = PBXBuildFile; fileRef = 856DF99A1A26CD5300BF8ED2 /* image2.jpg */; };
		856DF9A31A26CD5300BF8ED2 /* image3.jpg in Resources */ = {isa = PBXBuildFile; fileRef = 856DF99B1A26CD5300BF8ED2 /* image3.jpg */; };
		856DF9A41A26CD5300BF8ED2 /* image4.jpg in Resources */ = {isa = PBXBuildFile; fileRef = 856DF99C1A26CD5300BF8ED2 /* image4.jpg */; };
		856DF9A51A26CD5300BF8ED2 /* image5.jpg in Resources */ = {isa = PBXBuildFile; fileRef = 856DF99D1A26CD5300BF8ED2 /* image5.jpg */; };
		856DF9A61A26CD5300BF8ED2 /* image6.jpg in Resources */ = {isa = PBXBuildFile; fileRef = 856DF99E1A26CD5300BF8ED2 /* image6.jpg */; };
		856DF9A71A26CD5300BF8ED2 /* image7.jpg in Resources */ = {isa = PBXBuildFile; fileRef = 856DF99F1A26CD5300BF8ED2 /* image7.jpg */; };
		856DF9A81A26CD5300BF8ED2 /* image8.jpg in Resources */ = {isa = PBXBuildFile; fileRef = 856DF9A01A26CD5300BF8ED2 /* image8.jpg */; };
		857769A11AB95FB70035D72D /* CategoryTableViewController.swift in Sources */ = {isa = PBXBuildFile; fileRef = 857769A01AB95FB70035D72D /* CategoryTableViewController.swift */; };
		857769A31AB961850035D72D /* CategoryTableViewCell.swift in Sources */ = {isa = PBXBuildFile; fileRef = 857769A21AB961850035D72D /* CategoryTableViewCell.swift */; };
		8589561619FB79980012C080 /* StoreKit.framework in Frameworks */ = {isa = PBXBuildFile; fileRef = 8589561519FB79980012C080 /* StoreKit.framework */; };
		8589561819FB79B30012C080 /* MobileCoreServices.framework in Frameworks */ = {isa = PBXBuildFile; fileRef = 8589561719FB79B30012C080 /* MobileCoreServices.framework */; };
		8589561A19FB79BA0012C080 /* MediaPlayer.framework in Frameworks */ = {isa = PBXBuildFile; fileRef = 8589561919FB79BA0012C080 /* MediaPlayer.framework */; };
		8589561C19FB79C00012C080 /* GameController.framework in Frameworks */ = {isa = PBXBuildFile; fileRef = 8589561B19FB79C00012C080 /* GameController.framework */; };
		8589561E19FB79C70012C080 /* CFNetwork.framework in Frameworks */ = {isa = PBXBuildFile; fileRef = 8589561D19FB79C70012C080 /* CFNetwork.framework */; };
		8589562019FB79CC0012C080 /* QuartzCore.framework in Frameworks */ = {isa = PBXBuildFile; fileRef = 8589561F19FB79CC0012C080 /* QuartzCore.framework */; };
		8589562219FB79D20012C080 /* Photos.framework in Frameworks */ = {isa = PBXBuildFile; fileRef = 8589562119FB79D20012C080 /* Photos.framework */; };
		8589562419FB79E60012C080 /* AudioToolbox.framework in Frameworks */ = {isa = PBXBuildFile; fileRef = 8589562319FB79E60012C080 /* AudioToolbox.framework */; };
		8589562619FB79ED0012C080 /* CoreGraphics.framework in Frameworks */ = {isa = PBXBuildFile; fileRef = 8589562519FB79ED0012C080 /* CoreGraphics.framework */; };
		8589562819FB79F30012C080 /* CoreLocation.framework in Frameworks */ = {isa = PBXBuildFile; fileRef = 8589562719FB79F30012C080 /* CoreLocation.framework */; };
		8589562A19FB79F90012C080 /* Security.framework in Frameworks */ = {isa = PBXBuildFile; fileRef = 8589562919FB79F90012C080 /* Security.framework */; };
		8589562C19FB7A030012C080 /* SystemConfiguration.framework in Frameworks */ = {isa = PBXBuildFile; fileRef = 8589562B19FB7A030012C080 /* SystemConfiguration.framework */; };
		8589562E19FB7A0C0012C080 /* MapKit.framework in Frameworks */ = {isa = PBXBuildFile; fileRef = 8589562D19FB7A0C0012C080 /* MapKit.framework */; };
		8589563219FB81E90012C080 /* ZAPZAPTableViewCell.swift in Sources */ = {isa = PBXBuildFile; fileRef = 8589563119FB81E90012C080 /* ZAPZAPTableViewCell.swift */; };
		858956F519FE10350012C080 /* InitialZAPViewController.swift in Sources */ = {isa = PBXBuildFile; fileRef = 858956F419FE10350012C080 /* InitialZAPViewController.swift */; };
		858956F719FE12DB0012C080 /* LocationViewController.swift in Sources */ = {isa = PBXBuildFile; fileRef = 858956F619FE12DB0012C080 /* LocationViewController.swift */; };
		858956F919FE363B0012C080 /* ZamperlaLocationViewController.swift in Sources */ = {isa = PBXBuildFile; fileRef = 858956F819FE363B0012C080 /* ZamperlaLocationViewController.swift */; };
		858EDFDB19F64C0E003ABE5D /* SecondViewController.swift in Sources */ = {isa = PBXBuildFile; fileRef = 858EDFDA19F64C0E003ABE5D /* SecondViewController.swift */; };
		858EDFDD19F663C7003ABE5D /* LoginViewController.swift in Sources */ = {isa = PBXBuildFile; fileRef = 858EDFDC19F663C7003ABE5D /* LoginViewController.swift */; };
		858EDFDF19F663D5003ABE5D /* RegisterViewController.swift in Sources */ = {isa = PBXBuildFile; fileRef = 858EDFDE19F663D5003ABE5D /* RegisterViewController.swift */; };
		8599ED451A8EF9B400018BD8 /* Realm.framework in Frameworks */ = {isa = PBXBuildFile; fileRef = 8599ED431A8EF95500018BD8 /* Realm.framework */; };
		8599ED471A8EFA2600018BD8 /* RLMSupport.swift in Sources */ = {isa = PBXBuildFile; fileRef = 8599ED461A8EFA2600018BD8 /* RLMSupport.swift */; };
		859F2D411A36923900DDE28B /* imagess1.jpg in Resources */ = {isa = PBXBuildFile; fileRef = 859F2D321A36923900DDE28B /* imagess1.jpg */; };
		859F2D421A36923900DDE28B /* imagess2.jpeg in Resources */ = {isa = PBXBuildFile; fileRef = 859F2D331A36923900DDE28B /* imagess2.jpeg */; };
		859F2D431A36923900DDE28B /* imagess3.jpg in Resources */ = {isa = PBXBuildFile; fileRef = 859F2D341A36923900DDE28B /* imagess3.jpg */; };
		859F2D441A36923900DDE28B /* imagess4.jpg in Resources */ = {isa = PBXBuildFile; fileRef = 859F2D351A36923900DDE28B /* imagess4.jpg */; };
		859F2D451A36923900DDE28B /* imagess5.jpg in Resources */ = {isa = PBXBuildFile; fileRef = 859F2D361A36923900DDE28B /* imagess5.jpg */; };
		859F2D461A36923900DDE28B /* imagess6.jpg in Resources */ = {isa = PBXBuildFile; fileRef = 859F2D371A36923900DDE28B /* imagess6.jpg */; };
		859F2D471A36923900DDE28B /* imagess7.jpg in Resources */ = {isa = PBXBuildFile; fileRef = 859F2D381A36923900DDE28B /* imagess7.jpg */; };
		859F2D481A36923900DDE28B /* imagess8.jpg in Resources */ = {isa = PBXBuildFile; fileRef = 859F2D391A36923900DDE28B /* imagess8.jpg */; };
		859F2D491A36923900DDE28B /* imagess9.jpg in Resources */ = {isa = PBXBuildFile; fileRef = 859F2D3A1A36923900DDE28B /* imagess9.jpg */; };
		859F2D4A1A36923900DDE28B /* imagess10.jpg in Resources */ = {isa = PBXBuildFile; fileRef = 859F2D3B1A36923900DDE28B /* imagess10.jpg */; };
		859F2D4B1A36923900DDE28B /* imagess11.jpg in Resources */ = {isa = PBXBuildFile; fileRef = 859F2D3C1A36923900DDE28B /* imagess11.jpg */; };
		859F2D4C1A36923900DDE28B /* imagess12.jpg in Resources */ = {isa = PBXBuildFile; fileRef = 859F2D3D1A36923900DDE28B /* imagess12.jpg */; };
		859F2D4D1A36923900DDE28B /* imagess13.jpg in Resources */ = {isa = PBXBuildFile; fileRef = 859F2D3E1A36923900DDE28B /* imagess13.jpg */; };
		859F2D4E1A36923900DDE28B /* imagess14.jpg in Resources */ = {isa = PBXBuildFile; fileRef = 859F2D3F1A36923900DDE28B /* imagess14.jpg */; };
		859F2D4F1A36923900DDE28B /* imagess15.jpg in Resources */ = {isa = PBXBuildFile; fileRef = 859F2D401A36923900DDE28B /* imagess15.jpg */; };
		859F2D511A36E74E00DDE28B /* Images.xcassets in Resources */ = {isa = PBXBuildFile; fileRef = 859F2D501A36E74E00DDE28B /* Images.xcassets */; };
		859F37601A22BE6600B4E910 /* WebKit.framework in Frameworks */ = {isa = PBXBuildFile; fileRef = 859F375F1A22BE6600B4E910 /* WebKit.framework */; };
		859F395C1A27FC860081092E /* CustomScrollViewController.swift in Sources */ = {isa = PBXBuildFile; fileRef = 859F395B1A27FC860081092E /* CustomScrollViewController.swift */; };
		859F395E1A281FED0081092E /* CustomScrollContainerViewController.swift in Sources */ = {isa = PBXBuildFile; fileRef = 859F395D1A281FED0081092E /* CustomScrollContainerViewController.swift */; };
		859F39601A29536B0081092E /* CustomPageViewController.swift in Sources */ = {isa = PBXBuildFile; fileRef = 859F395F1A29536B0081092E /* CustomPageViewController.swift */; };
		859F39621A295A600081092E /* PageItemViewController.swift in Sources */ = {isa = PBXBuildFile; fileRef = 859F39611A295A600081092E /* PageItemViewController.swift */; };
		85B933011A09B20A0014161F /* SketchViewController.swift in Sources */ = {isa = PBXBuildFile; fileRef = 85B933001A09B20A0014161F /* SketchViewController.swift */; };
		85B933031A09B7980014161F /* SketchCollectionViewCell.swift in Sources */ = {isa = PBXBuildFile; fileRef = 85B933021A09B7980014161F /* SketchCollectionViewCell.swift */; };
		85CB9F3A1A2C3898007834DB /* CustomPage2ndViewController.swift in Sources */ = {isa = PBXBuildFile; fileRef = 85CB9F391A2C3898007834DB /* CustomPage2ndViewController.swift */; };
		85CB9F3C1A2C38B6007834DB /* PageItem2ndViewController.swift in Sources */ = {isa = PBXBuildFile; fileRef = 85CB9F3B1A2C38B6007834DB /* PageItem2ndViewController.swift */; };
		85D7FCA41A1C82B90024F20A /* ViewRidesViewController.swift in Sources */ = {isa = PBXBuildFile; fileRef = 85D7FCA31A1C82B90024F20A /* ViewRidesViewController.swift */; };
		85EFDF2B19FF74AC00782ECE /* WebsiteViewController.swift in Sources */ = {isa = PBXBuildFile; fileRef = 85EFDF2A19FF74AC00782ECE /* WebsiteViewController.swift */; };
		85F79E551ABBD0B800C9DA6E /* NestedViewController.swift in Sources */ = {isa = PBXBuildFile; fileRef = 85F79E541ABBD0B800C9DA6E /* NestedViewController.swift */; };
		85F79E571ABBFBBB00C9DA6E /* NestedCollectionViewCell.swift in Sources */ = {isa = PBXBuildFile; fileRef = 85F79E561ABBFBBB00C9DA6E /* NestedCollectionViewCell.swift */; };
		85FCD5621A240CE30004AAD3 /* MenuTransitionManager.swift in Sources */ = {isa = PBXBuildFile; fileRef = 85FCD5611A240CE30004AAD3 /* MenuTransitionManager.swift */; };
/* End PBXBuildFile section */

/* Begin PBXContainerItemProxy section */
		8554546C19F63EAD0042B3BB /* PBXContainerItemProxy */ = {
			isa = PBXContainerItemProxy;
			containerPortal = 8554544B19F63EAC0042B3BB /* Project object */;
			proxyType = 1;
			remoteGlobalIDString = 8554545219F63EAC0042B3BB;
			remoteInfo = ios8sample;
		};
/* End PBXContainerItemProxy section */

/* Begin PBXCopyFilesBuildPhase section */
		859865AA1A0350DA001808E0 /* CopyFiles */ = {
			isa = PBXCopyFilesBuildPhase;
			buildActionMask = 8;
			dstPath = "";
			dstSubfolderSpec = 7;
			files = (
			);
			runOnlyForDeploymentPostprocessing = 1;
		};
/* End PBXCopyFilesBuildPhase section */

/* Begin PBXFileReference section */
		85272AA31A07541E007E1A6A /* Bolts.framework */ = {isa = PBXFileReference; lastKnownFileType = wrapper.framework; path = Bolts.framework; sourceTree = "<group>"; };
		85272AA41A07541E007E1A6A /* Parse.framework */ = {isa = PBXFileReference; lastKnownFileType = wrapper.framework; path = Parse.framework; sourceTree = "<group>"; };
		85272AA51A07541E007E1A6A /* ParseFacebookUtils.framework */ = {isa = PBXFileReference; lastKnownFileType = wrapper.framework; path = ParseFacebookUtils.framework; sourceTree = "<group>"; };
		85425A611A00D010007DDF09 /* AboutUsViewController.swift */ = {isa = PBXFileReference; fileEncoding = 4; lastKnownFileType = sourcecode.swift; name = AboutUsViewController.swift; path = ../AboutUsViewController.swift; sourceTree = "<group>"; };
		85425A641A00D770007DDF09 /* CoreData.framework */ = {isa = PBXFileReference; lastKnownFileType = wrapper.framework; name = CoreData.framework; path = System/Library/Frameworks/CoreData.framework; sourceTree = SDKROOT; };
		85425A661A00DCFD007DDF09 /* TestViewController.swift */ = {isa = PBXFileReference; fileEncoding = 4; lastKnownFileType = sourcecode.swift; name = TestViewController.swift; path = ../TestViewController.swift; sourceTree = "<group>"; };
		8554545319F63EAC0042B3BB /* ios8sample.app */ = {isa = PBXFileReference; explicitFileType = wrapper.application; includeInIndex = 0; path = ios8sample.app; sourceTree = BUILT_PRODUCTS_DIR; };
		8554545719F63EAC0042B3BB /* Info.plist */ = {isa = PBXFileReference; lastKnownFileType = text.plist.xml; path = Info.plist; sourceTree = "<group>"; };
		8554545819F63EAC0042B3BB /* AppDelegate.swift */ = {isa = PBXFileReference; lastKnownFileType = sourcecode.swift; path = AppDelegate.swift; sourceTree = "<group>"; };
		8554545B19F63EAC0042B3BB /* ios8sample.xcdatamodel */ = {isa = PBXFileReference; lastKnownFileType = wrapper.xcdatamodel; path = ios8sample.xcdatamodel; sourceTree = "<group>"; };
		8554545D19F63EAC0042B3BB /* ViewController.swift */ = {isa = PBXFileReference; lastKnownFileType = sourcecode.swift; path = ViewController.swift; sourceTree = "<group>"; };
		8554546019F63EAC0042B3BB /* Base */ = {isa = PBXFileReference; lastKnownFileType = file.storyboard; name = Base; path = Base.lproj/Main.storyboard; sourceTree = "<group>"; };
		8554546519F63EAC0042B3BB /* Base */ = {isa = PBXFileReference; lastKnownFileType = file.xib; name = Base; path = Base.lproj/LaunchScreen.xib; sourceTree = "<group>"; };
		8554546B19F63EAD0042B3BB /* ios8sampleTests.xctest */ = {isa = PBXFileReference; explicitFileType = wrapper.cfbundle; includeInIndex = 0; path = ios8sampleTests.xctest; sourceTree = BUILT_PRODUCTS_DIR; };
		8554547019F63EAD0042B3BB /* Info.plist */ = {isa = PBXFileReference; lastKnownFileType = text.plist.xml; path = Info.plist; sourceTree = "<group>"; };
		8554547119F63EAD0042B3BB /* ios8sampleTests.swift */ = {isa = PBXFileReference; lastKnownFileType = sourcecode.swift; path = ios8sampleTests.swift; sourceTree = "<group>"; };
		8554547B19F63ECA0042B3BB /* ZAPCollectionViewCell.swift */ = {isa = PBXFileReference; fileEncoding = 4; lastKnownFileType = sourcecode.swift; name = ZAPCollectionViewCell.swift; path = ../ZAPCollectionViewCell.swift; sourceTree = "<group>"; };
		8554547F19F63F010042B3BB /* ios8sample-Bridging-Header.h */ = {isa = PBXFileReference; lastKnownFileType = sourcecode.c.h; path = "ios8sample-Bridging-Header.h"; sourceTree = "<group>"; };
		8558019F1A00EEA30071EAE2 /* ContactViewController.swift */ = {isa = PBXFileReference; fileEncoding = 4; lastKnownFileType = sourcecode.swift; name = ContactViewController.swift; path = ../ContactViewController.swift; sourceTree = "<group>"; };
		855801A51A01D3F80071EAE2 /* libc++.dylib */ = {isa = PBXFileReference; lastKnownFileType = "compiled.mach-o.dylib"; name = "libc++.dylib"; path = "usr/lib/libc++.dylib"; sourceTree = SDKROOT; };
		855A7B2D1A2FFB73001097BE /* PageItem3rdViewController.swift */ = {isa = PBXFileReference; fileEncoding = 4; lastKnownFileType = sourcecode.swift; path = PageItem3rdViewController.swift; sourceTree = "<group>"; };
		855A7B2F1A2FFB83001097BE /* CustomPage3rdViewController.swift */ = {isa = PBXFileReference; fileEncoding = 4; lastKnownFileType = sourcecode.swift; path = CustomPage3rdViewController.swift; sourceTree = "<group>"; };
		856642211A09E1DC00501021 /* SketchImageViewController.swift */ = {isa = PBXFileReference; fileEncoding = 4; lastKnownFileType = sourcecode.swift; name = SketchImageViewController.swift; path = ../SketchImageViewController.swift; sourceTree = "<group>"; };
		856642231A09E50200501021 /* ProductTableViewController.swift */ = {isa = PBXFileReference; fileEncoding = 4; lastKnownFileType = sourcecode.swift; name = ProductTableViewController.swift; path = ../ProductTableViewController.swift; sourceTree = "<group>"; };
		856642251A09E54300501021 /* ProductTableViewCell.swift */ = {isa = PBXFileReference; fileEncoding = 4; lastKnownFileType = sourcecode.swift; name = ProductTableViewCell.swift; path = ../ProductTableViewCell.swift; sourceTree = "<group>"; };
		856DF9961A244E4100BF8ED2 /* CustomMenuViewController.swift */ = {isa = PBXFileReference; fileEncoding = 4; lastKnownFileType = sourcecode.swift; name = CustomMenuViewController.swift; path = ../CustomMenuViewController.swift; sourceTree = "<group>"; };
		856DF9991A26CD5300BF8ED2 /* image1.jpg */ = {isa = PBXFileReference; lastKnownFileType = image.jpeg; path = image1.jpg; sourceTree = "<group>"; };
		856DF99A1A26CD5300BF8ED2 /* image2.jpg */ = {isa = PBXFileReference; lastKnownFileType = image.jpeg; path = image2.jpg; sourceTree = "<group>"; };
		856DF99B1A26CD5300BF8ED2 /* image3.jpg */ = {isa = PBXFileReference; lastKnownFileType = image.jpeg; path = image3.jpg; sourceTree = "<group>"; };
		856DF99C1A26CD5300BF8ED2 /* image4.jpg */ = {isa = PBXFileReference; lastKnownFileType = image.jpeg; path = image4.jpg; sourceTree = "<group>"; };
		856DF99D1A26CD5300BF8ED2 /* image5.jpg */ = {isa = PBXFileReference; lastKnownFileType = image.jpeg; path = image5.jpg; sourceTree = "<group>"; };
		856DF99E1A26CD5300BF8ED2 /* image6.jpg */ = {isa = PBXFileReference; lastKnownFileType = image.jpeg; path = image6.jpg; sourceTree = "<group>"; };
		856DF99F1A26CD5300BF8ED2 /* image7.jpg */ = {isa = PBXFileReference; lastKnownFileType = image.jpeg; path = image7.jpg; sourceTree = "<group>"; };
		856DF9A01A26CD5300BF8ED2 /* image8.jpg */ = {isa = PBXFileReference; lastKnownFileType = image.jpeg; path = image8.jpg; sourceTree = "<group>"; };
		857769A01AB95FB70035D72D /* CategoryTableViewController.swift */ = {isa = PBXFileReference; fileEncoding = 4; lastKnownFileType = sourcecode.swift; name = CategoryTableViewController.swift; path = ../CategoryTableViewController.swift; sourceTree = "<group>"; };
		857769A21AB961850035D72D /* CategoryTableViewCell.swift */ = {isa = PBXFileReference; fileEncoding = 4; lastKnownFileType = sourcecode.swift; path = CategoryTableViewCell.swift; sourceTree = "<group>"; };
		8589561519FB79980012C080 /* StoreKit.framework */ = {isa = PBXFileReference; lastKnownFileType = wrapper.framework; name = StoreKit.framework; path = System/Library/Frameworks/StoreKit.framework; sourceTree = SDKROOT; };
		8589561719FB79B30012C080 /* MobileCoreServices.framework */ = {isa = PBXFileReference; lastKnownFileType = wrapper.framework; name = MobileCoreServices.framework; path = System/Library/Frameworks/MobileCoreServices.framework; sourceTree = SDKROOT; };
		8589561919FB79BA0012C080 /* MediaPlayer.framework */ = {isa = PBXFileReference; lastKnownFileType = wrapper.framework; name = MediaPlayer.framework; path = System/Library/Frameworks/MediaPlayer.framework; sourceTree = SDKROOT; };
		8589561B19FB79C00012C080 /* GameController.framework */ = {isa = PBXFileReference; lastKnownFileType = wrapper.framework; name = GameController.framework; path = System/Library/Frameworks/GameController.framework; sourceTree = SDKROOT; };
		8589561D19FB79C70012C080 /* CFNetwork.framework */ = {isa = PBXFileReference; lastKnownFileType = wrapper.framework; name = CFNetwork.framework; path = System/Library/Frameworks/CFNetwork.framework; sourceTree = SDKROOT; };
		8589561F19FB79CC0012C080 /* QuartzCore.framework */ = {isa = PBXFileReference; lastKnownFileType = wrapper.framework; name = QuartzCore.framework; path = System/Library/Frameworks/QuartzCore.framework; sourceTree = SDKROOT; };
		8589562119FB79D20012C080 /* Photos.framework */ = {isa = PBXFileReference; lastKnownFileType = wrapper.framework; name = Photos.framework; path = System/Library/Frameworks/Photos.framework; sourceTree = SDKROOT; };
		8589562319FB79E60012C080 /* AudioToolbox.framework */ = {isa = PBXFileReference; lastKnownFileType = wrapper.framework; name = AudioToolbox.framework; path = System/Library/Frameworks/AudioToolbox.framework; sourceTree = SDKROOT; };
		8589562519FB79ED0012C080 /* CoreGraphics.framework */ = {isa = PBXFileReference; lastKnownFileType = wrapper.framework; name = CoreGraphics.framework; path = System/Library/Frameworks/CoreGraphics.framework; sourceTree = SDKROOT; };
		8589562719FB79F30012C080 /* CoreLocation.framework */ = {isa = PBXFileReference; lastKnownFileType = wrapper.framework; name = CoreLocation.framework; path = System/Library/Frameworks/CoreLocation.framework; sourceTree = SDKROOT; };
		8589562919FB79F90012C080 /* Security.framework */ = {isa = PBXFileReference; lastKnownFileType = wrapper.framework; name = Security.framework; path = System/Library/Frameworks/Security.framework; sourceTree = SDKROOT; };
		8589562B19FB7A030012C080 /* SystemConfiguration.framework */ = {isa = PBXFileReference; lastKnownFileType = wrapper.framework; name = SystemConfiguration.framework; path = System/Library/Frameworks/SystemConfiguration.framework; sourceTree = SDKROOT; };
		8589562D19FB7A0C0012C080 /* MapKit.framework */ = {isa = PBXFileReference; lastKnownFileType = wrapper.framework; name = MapKit.framework; path = System/Library/Frameworks/MapKit.framework; sourceTree = SDKROOT; };
		8589563119FB81E90012C080 /* ZAPZAPTableViewCell.swift */ = {isa = PBXFileReference; fileEncoding = 4; lastKnownFileType = sourcecode.swift; name = ZAPZAPTableViewCell.swift; path = ../ZAPZAPTableViewCell.swift; sourceTree = "<group>"; };
		858956F419FE10350012C080 /* InitialZAPViewController.swift */ = {isa = PBXFileReference; fileEncoding = 4; lastKnownFileType = sourcecode.swift; name = InitialZAPViewController.swift; path = ../InitialZAPViewController.swift; sourceTree = "<group>"; };
		858956F619FE12DB0012C080 /* LocationViewController.swift */ = {isa = PBXFileReference; fileEncoding = 4; lastKnownFileType = sourcecode.swift; name = LocationViewController.swift; path = ../LocationViewController.swift; sourceTree = "<group>"; };
		858956F819FE363B0012C080 /* ZamperlaLocationViewController.swift */ = {isa = PBXFileReference; fileEncoding = 4; lastKnownFileType = sourcecode.swift; name = ZamperlaLocationViewController.swift; path = ../ZamperlaLocationViewController.swift; sourceTree = "<group>"; };
		858EDFDA19F64C0E003ABE5D /* SecondViewController.swift */ = {isa = PBXFileReference; fileEncoding = 4; lastKnownFileType = sourcecode.swift; name = SecondViewController.swift; path = ../SecondViewController.swift; sourceTree = "<group>"; };
		858EDFDC19F663C7003ABE5D /* LoginViewController.swift */ = {isa = PBXFileReference; fileEncoding = 4; lastKnownFileType = sourcecode.swift; name = LoginViewController.swift; path = ../LoginViewController.swift; sourceTree = "<group>"; };
		858EDFDE19F663D5003ABE5D /* RegisterViewController.swift */ = {isa = PBXFileReference; fileEncoding = 4; lastKnownFileType = sourcecode.swift; name = RegisterViewController.swift; path = ../RegisterViewController.swift; sourceTree = "<group>"; };
		8599ED431A8EF95500018BD8 /* Realm.framework */ = {isa = PBXFileReference; lastKnownFileType = wrapper.framework; path = Realm.framework; sourceTree = "<group>"; };
		8599ED461A8EFA2600018BD8 /* RLMSupport.swift */ = {isa = PBXFileReference; fileEncoding = 4; lastKnownFileType = sourcecode.swift; path = RLMSupport.swift; sourceTree = "<group>"; };
		859F2D321A36923900DDE28B /* imagess1.jpg */ = {isa = PBXFileReference; lastKnownFileType = image.jpeg; path = imagess1.jpg; sourceTree = "<group>"; };
		859F2D331A36923900DDE28B /* imagess2.jpeg */ = {isa = PBXFileReference; lastKnownFileType = image.jpeg; path = imagess2.jpeg; sourceTree = "<group>"; };
		859F2D341A36923900DDE28B /* imagess3.jpg */ = {isa = PBXFileReference; lastKnownFileType = image.jpeg; path = imagess3.jpg; sourceTree = "<group>"; };
		859F2D351A36923900DDE28B /* imagess4.jpg */ = {isa = PBXFileReference; lastKnownFileType = image.jpeg; path = imagess4.jpg; sourceTree = "<group>"; };
		859F2D361A36923900DDE28B /* imagess5.jpg */ = {isa = PBXFileReference; lastKnownFileType = image.jpeg; path = imagess5.jpg; sourceTree = "<group>"; };
		859F2D371A36923900DDE28B /* imagess6.jpg */ = {isa = PBXFileReference; lastKnownFileType = image.jpeg; path = imagess6.jpg; sourceTree = "<group>"; };
		859F2D381A36923900DDE28B /* imagess7.jpg */ = {isa = PBXFileReference; lastKnownFileType = image.jpeg; path = imagess7.jpg; sourceTree = "<group>"; };
		859F2D391A36923900DDE28B /* imagess8.jpg */ = {isa = PBXFileReference; lastKnownFileType = image.jpeg; path = imagess8.jpg; sourceTree = "<group>"; };
		859F2D3A1A36923900DDE28B /* imagess9.jpg */ = {isa = PBXFileReference; lastKnownFileType = image.jpeg; path = imagess9.jpg; sourceTree = "<group>"; };
		859F2D3B1A36923900DDE28B /* imagess10.jpg */ = {isa = PBXFileReference; lastKnownFileType = image.jpeg; path = imagess10.jpg; sourceTree = "<group>"; };
		859F2D3C1A36923900DDE28B /* imagess11.jpg */ = {isa = PBXFileReference; lastKnownFileType = image.jpeg; path = imagess11.jpg; sourceTree = "<group>"; };
		859F2D3D1A36923900DDE28B /* imagess12.jpg */ = {isa = PBXFileReference; lastKnownFileType = image.jpeg; path = imagess12.jpg; sourceTree = "<group>"; };
		859F2D3E1A36923900DDE28B /* imagess13.jpg */ = {isa = PBXFileReference; lastKnownFileType = image.jpeg; path = imagess13.jpg; sourceTree = "<group>"; };
		859F2D3F1A36923900DDE28B /* imagess14.jpg */ = {isa = PBXFileReference; lastKnownFileType = image.jpeg; path = imagess14.jpg; sourceTree = "<group>"; };
		859F2D401A36923900DDE28B /* imagess15.jpg */ = {isa = PBXFileReference; lastKnownFileType = image.jpeg; path = imagess15.jpg; sourceTree = "<group>"; };
		859F2D501A36E74E00DDE28B /* Images.xcassets */ = {isa = PBXFileReference; lastKnownFileType = folder.assetcatalog; path = Images.xcassets; sourceTree = "<group>"; };
		859F375F1A22BE6600B4E910 /* WebKit.framework */ = {isa = PBXFileReference; lastKnownFileType = wrapper.framework; name = WebKit.framework; path = System/Library/Frameworks/WebKit.framework; sourceTree = SDKROOT; };
		859F395B1A27FC860081092E /* CustomScrollViewController.swift */ = {isa = PBXFileReference; fileEncoding = 4; lastKnownFileType = sourcecode.swift; path = CustomScrollViewController.swift; sourceTree = "<group>"; };
		859F395D1A281FED0081092E /* CustomScrollContainerViewController.swift */ = {isa = PBXFileReference; fileEncoding = 4; lastKnownFileType = sourcecode.swift; name = CustomScrollContainerViewController.swift; path = ../CustomScrollContainerViewController.swift; sourceTree = "<group>"; };
		859F395F1A29536B0081092E /* CustomPageViewController.swift */ = {isa = PBXFileReference; fileEncoding = 4; lastKnownFileType = sourcecode.swift; path = CustomPageViewController.swift; sourceTree = "<group>"; };
		859F39611A295A600081092E /* PageItemViewController.swift */ = {isa = PBXFileReference; fileEncoding = 4; lastKnownFileType = sourcecode.swift; path = PageItemViewController.swift; sourceTree = "<group>"; };
		85B933001A09B20A0014161F /* SketchViewController.swift */ = {isa = PBXFileReference; fileEncoding = 4; lastKnownFileType = sourcecode.swift; name = SketchViewController.swift; path = ../SketchViewController.swift; sourceTree = "<group>"; };
		85B933021A09B7980014161F /* SketchCollectionViewCell.swift */ = {isa = PBXFileReference; fileEncoding = 4; lastKnownFileType = sourcecode.swift; name = SketchCollectionViewCell.swift; path = ../SketchCollectionViewCell.swift; sourceTree = "<group>"; };
		85CB9F391A2C3898007834DB /* CustomPage2ndViewController.swift */ = {isa = PBXFileReference; fileEncoding = 4; lastKnownFileType = sourcecode.swift; path = CustomPage2ndViewController.swift; sourceTree = "<group>"; };
		85CB9F3B1A2C38B6007834DB /* PageItem2ndViewController.swift */ = {isa = PBXFileReference; fileEncoding = 4; lastKnownFileType = sourcecode.swift; path = PageItem2ndViewController.swift; sourceTree = "<group>"; };
		85D7FCA31A1C82B90024F20A /* ViewRidesViewController.swift */ = {isa = PBXFileReference; fileEncoding = 4; lastKnownFileType = sourcecode.swift; name = ViewRidesViewController.swift; path = ../ViewRidesViewController.swift; sourceTree = "<group>"; };
		85EFDF2A19FF74AC00782ECE /* WebsiteViewController.swift */ = {isa = PBXFileReference; fileEncoding = 4; lastKnownFileType = sourcecode.swift; name = WebsiteViewController.swift; path = ../WebsiteViewController.swift; sourceTree = "<group>"; };
		85F79E541ABBD0B800C9DA6E /* NestedViewController.swift */ = {isa = PBXFileReference; fileEncoding = 4; lastKnownFileType = sourcecode.swift; path = NestedViewController.swift; sourceTree = "<group>"; };
		85F79E561ABBFBBB00C9DA6E /* NestedCollectionViewCell.swift */ = {isa = PBXFileReference; fileEncoding = 4; lastKnownFileType = sourcecode.swift; path = NestedCollectionViewCell.swift; sourceTree = "<group>"; };
		85FCD5611A240CE30004AAD3 /* MenuTransitionManager.swift */ = {isa = PBXFileReference; fileEncoding = 4; lastKnownFileType = sourcecode.swift; path = MenuTransitionManager.swift; sourceTree = "<group>"; };
/* End PBXFileReference section */

/* Begin PBXFrameworksBuildPhase section */
		8554545019F63EAC0042B3BB /* Frameworks */ = {
			isa = PBXFrameworksBuildPhase;
			buildActionMask = 2147483647;
			files = (
				8599ED451A8EF9B400018BD8 /* Realm.framework in Frameworks */,
				859F37601A22BE6600B4E910 /* WebKit.framework in Frameworks */,
				855801A61A01D3F80071EAE2 /* libc++.dylib in Frameworks */,
				8589562E19FB7A0C0012C080 /* MapKit.framework in Frameworks */,
				8589562C19FB7A030012C080 /* SystemConfiguration.framework in Frameworks */,
				85272AA81A07541E007E1A6A /* ParseFacebookUtils.framework in Frameworks */,
				8589562A19FB79F90012C080 /* Security.framework in Frameworks */,
				8589562819FB79F30012C080 /* CoreLocation.framework in Frameworks */,
				8589562619FB79ED0012C080 /* CoreGraphics.framework in Frameworks */,
				8589562419FB79E60012C080 /* AudioToolbox.framework in Frameworks */,
				8589561819FB79B30012C080 /* MobileCoreServices.framework in Frameworks */,
				85272AA71A07541E007E1A6A /* Parse.framework in Frameworks */,
				8589562219FB79D20012C080 /* Photos.framework in Frameworks */,
				8589562019FB79CC0012C080 /* QuartzCore.framework in Frameworks */,
				85272AA61A07541E007E1A6A /* Bolts.framework in Frameworks */,
				8589561E19FB79C70012C080 /* CFNetwork.framework in Frameworks */,
				8589561C19FB79C00012C080 /* GameController.framework in Frameworks */,
				8589561A19FB79BA0012C080 /* MediaPlayer.framework in Frameworks */,
				8589561619FB79980012C080 /* StoreKit.framework in Frameworks */,
			);
			runOnlyForDeploymentPostprocessing = 0;
		};
		8554546819F63EAD0042B3BB /* Frameworks */ = {
			isa = PBXFrameworksBuildPhase;
			buildActionMask = 2147483647;
			files = (
			);
			runOnlyForDeploymentPostprocessing = 0;
		};
/* End PBXFrameworksBuildPhase section */

/* Begin PBXGroup section */
		85272AA21A07541E007E1A6A /* parse-library-1.4.2 */ = {
			isa = PBXGroup;
			children = (
				85272AA31A07541E007E1A6A /* Bolts.framework */,
				85272AA41A07541E007E1A6A /* Parse.framework */,
				85272AA51A07541E007E1A6A /* ParseFacebookUtils.framework */,
			);
			name = "parse-library-1.4.2";
			path = "ios8sample/parse-library-1.4.2";
			sourceTree = "<group>";
		};
		8554544A19F63EAC0042B3BB = {
			isa = PBXGroup;
			children = (
				859F2D501A36E74E00DDE28B /* Images.xcassets */,
				855A7B2F1A2FFB83001097BE /* CustomPage3rdViewController.swift */,
				855A7B2D1A2FFB73001097BE /* PageItem3rdViewController.swift */,
				85CB9F3B1A2C38B6007834DB /* PageItem2ndViewController.swift */,
				85CB9F391A2C3898007834DB /* CustomPage2ndViewController.swift */,
				859F39611A295A600081092E /* PageItemViewController.swift */,
				859F395F1A29536B0081092E /* CustomPageViewController.swift */,
				856DF9981A26CD2300BF8ED2 /* TESTIMAGE */,
				859F375F1A22BE6600B4E910 /* WebKit.framework */,
				855801A51A01D3F80071EAE2 /* libc++.dylib */,
				8599ED431A8EF95500018BD8 /* Realm.framework */,
				8599ED461A8EFA2600018BD8 /* RLMSupport.swift */,
				85425A641A00D770007DDF09 /* CoreData.framework */,
				8589562D19FB7A0C0012C080 /* MapKit.framework */,
				8589562B19FB7A030012C080 /* SystemConfiguration.framework */,
				8589562919FB79F90012C080 /* Security.framework */,
				8589562719FB79F30012C080 /* CoreLocation.framework */,
				8589562519FB79ED0012C080 /* CoreGraphics.framework */,
				8589562319FB79E60012C080 /* AudioToolbox.framework */,
				8589562119FB79D20012C080 /* Photos.framework */,
				8589561F19FB79CC0012C080 /* QuartzCore.framework */,
				8589561D19FB79C70012C080 /* CFNetwork.framework */,
				8589561B19FB79C00012C080 /* GameController.framework */,
				8589561919FB79BA0012C080 /* MediaPlayer.framework */,
				8589561719FB79B30012C080 /* MobileCoreServices.framework */,
				8589561519FB79980012C080 /* StoreKit.framework */,
				85272AA21A07541E007E1A6A /* parse-library-1.4.2 */,
				8554545519F63EAC0042B3BB /* ios8sample */,
				8554546E19F63EAD0042B3BB /* ios8sampleTests */,
				8554545419F63EAC0042B3BB /* Products */,
				8554547F19F63F010042B3BB /* ios8sample-Bridging-Header.h */,
			);
			sourceTree = "<group>";
		};
		8554545419F63EAC0042B3BB /* Products */ = {
			isa = PBXGroup;
			children = (
				8554545319F63EAC0042B3BB /* ios8sample.app */,
				8554546B19F63EAD0042B3BB /* ios8sampleTests.xctest */,
			);
			name = Products;
			sourceTree = "<group>";
		};
		8554545519F63EAC0042B3BB /* ios8sample */ = {
			isa = PBXGroup;
			children = (
				85F79E541ABBD0B800C9DA6E /* NestedViewController.swift */,
				85F79E561ABBFBBB00C9DA6E /* NestedCollectionViewCell.swift */,
				857769A01AB95FB70035D72D /* CategoryTableViewController.swift */,
				857769A21AB961850035D72D /* CategoryTableViewCell.swift */,
				859F395D1A281FED0081092E /* CustomScrollContainerViewController.swift */,
				856DF9961A244E4100BF8ED2 /* CustomMenuViewController.swift */,
				85FCD5611A240CE30004AAD3 /* MenuTransitionManager.swift */,
				85D7FCA31A1C82B90024F20A /* ViewRidesViewController.swift */,
				856642251A09E54300501021 /* ProductTableViewCell.swift */,
				856642231A09E50200501021 /* ProductTableViewController.swift */,
				856642211A09E1DC00501021 /* SketchImageViewController.swift */,
				85B933021A09B7980014161F /* SketchCollectionViewCell.swift */,
				85B933001A09B20A0014161F /* SketchViewController.swift */,
				8558019F1A00EEA30071EAE2 /* ContactViewController.swift */,
				85425A661A00DCFD007DDF09 /* TestViewController.swift */,
				85425A611A00D010007DDF09 /* AboutUsViewController.swift */,
				85EFDF2A19FF74AC00782ECE /* WebsiteViewController.swift */,
				858956F819FE363B0012C080 /* ZamperlaLocationViewController.swift */,
				858956F619FE12DB0012C080 /* LocationViewController.swift */,
				858956F419FE10350012C080 /* InitialZAPViewController.swift */,
				8589563119FB81E90012C080 /* ZAPZAPTableViewCell.swift */,
				858EDFDE19F663D5003ABE5D /* RegisterViewController.swift */,
				858EDFDC19F663C7003ABE5D /* LoginViewController.swift */,
				858EDFDA19F64C0E003ABE5D /* SecondViewController.swift */,
				8554547B19F63ECA0042B3BB /* ZAPCollectionViewCell.swift */,
				8554545819F63EAC0042B3BB /* AppDelegate.swift */,
				8554545D19F63EAC0042B3BB /* ViewController.swift */,
				8554545F19F63EAC0042B3BB /* Main.storyboard */,
				859F395B1A27FC860081092E /* CustomScrollViewController.swift */,
				8554546419F63EAC0042B3BB /* LaunchScreen.xib */,
				8554545A19F63EAC0042B3BB /* ios8sample.xcdatamodeld */,
				8554545619F63EAC0042B3BB /* Supporting Files */,
			);
			path = ios8sample;
			sourceTree = "<group>";
		};
		8554545619F63EAC0042B3BB /* Supporting Files */ = {
			isa = PBXGroup;
			children = (
				8554545719F63EAC0042B3BB /* Info.plist */,
			);
			name = "Supporting Files";
			sourceTree = "<group>";
		};
		8554546E19F63EAD0042B3BB /* ios8sampleTests */ = {
			isa = PBXGroup;
			children = (
				8554547119F63EAD0042B3BB /* ios8sampleTests.swift */,
				8554546F19F63EAD0042B3BB /* Supporting Files */,
			);
			path = ios8sampleTests;
			sourceTree = "<group>";
		};
		8554546F19F63EAD0042B3BB /* Supporting Files */ = {
			isa = PBXGroup;
			children = (
				8554547019F63EAD0042B3BB /* Info.plist */,
			);
			name = "Supporting Files";
			sourceTree = "<group>";
		};
		856DF9981A26CD2300BF8ED2 /* TESTIMAGE */ = {
			isa = PBXGroup;
			children = (
				859F2D321A36923900DDE28B /* imagess1.jpg */,
				859F2D331A36923900DDE28B /* imagess2.jpeg */,
				859F2D341A36923900DDE28B /* imagess3.jpg */,
				859F2D351A36923900DDE28B /* imagess4.jpg */,
				859F2D361A36923900DDE28B /* imagess5.jpg */,
				859F2D371A36923900DDE28B /* imagess6.jpg */,
				859F2D381A36923900DDE28B /* imagess7.jpg */,
				859F2D391A36923900DDE28B /* imagess8.jpg */,
				859F2D3A1A36923900DDE28B /* imagess9.jpg */,
				859F2D3B1A36923900DDE28B /* imagess10.jpg */,
				859F2D3C1A36923900DDE28B /* imagess11.jpg */,
				859F2D3D1A36923900DDE28B /* imagess12.jpg */,
				859F2D3E1A36923900DDE28B /* imagess13.jpg */,
				859F2D3F1A36923900DDE28B /* imagess14.jpg */,
				859F2D401A36923900DDE28B /* imagess15.jpg */,
				856DF9991A26CD5300BF8ED2 /* image1.jpg */,
				856DF99A1A26CD5300BF8ED2 /* image2.jpg */,
				856DF99B1A26CD5300BF8ED2 /* image3.jpg */,
				856DF99C1A26CD5300BF8ED2 /* image4.jpg */,
				856DF99D1A26CD5300BF8ED2 /* image5.jpg */,
				856DF99E1A26CD5300BF8ED2 /* image6.jpg */,
				856DF99F1A26CD5300BF8ED2 /* image7.jpg */,
				856DF9A01A26CD5300BF8ED2 /* image8.jpg */,
			);
			name = TESTIMAGE;
			sourceTree = "<group>";
		};
/* End PBXGroup section */

/* Begin PBXNativeTarget section */
		8554545219F63EAC0042B3BB /* ios8sample */ = {
			isa = PBXNativeTarget;
			buildConfigurationList = 8554547519F63EAD0042B3BB /* Build configuration list for PBXNativeTarget "ios8sample" */;
			buildPhases = (
				8554544F19F63EAC0042B3BB /* Sources */,
				8554545019F63EAC0042B3BB /* Frameworks */,
				8554545119F63EAC0042B3BB /* Resources */,
				859865AA1A0350DA001808E0 /* CopyFiles */,
			);
			buildRules = (
			);
			dependencies = (
			);
			name = ios8sample;
			productName = ios8sample;
			productReference = 8554545319F63EAC0042B3BB /* ios8sample.app */;
			productType = "com.apple.product-type.application";
		};
		8554546A19F63EAD0042B3BB /* ios8sampleTests */ = {
			isa = PBXNativeTarget;
			buildConfigurationList = 8554547819F63EAD0042B3BB /* Build configuration list for PBXNativeTarget "ios8sampleTests" */;
			buildPhases = (
				8554546719F63EAD0042B3BB /* Sources */,
				8554546819F63EAD0042B3BB /* Frameworks */,
				8554546919F63EAD0042B3BB /* Resources */,
			);
			buildRules = (
			);
			dependencies = (
				8554546D19F63EAD0042B3BB /* PBXTargetDependency */,
			);
			name = ios8sampleTests;
			productName = ios8sampleTests;
			productReference = 8554546B19F63EAD0042B3BB /* ios8sampleTests.xctest */;
			productType = "com.apple.product-type.bundle.unit-test";
		};
/* End PBXNativeTarget section */

/* Begin PBXProject section */
		8554544B19F63EAC0042B3BB /* Project object */ = {
			isa = PBXProject;
			attributes = {
				LastUpgradeCheck = 0610;
				ORGANIZATIONNAME = sample;
				TargetAttributes = {
					8554545219F63EAC0042B3BB = {
						CreatedOnToolsVersion = 6.1;
						DevelopmentTeam = XEX8RBTPGH;
					};
					8554546A19F63EAD0042B3BB = {
						CreatedOnToolsVersion = 6.1;
						DevelopmentTeam = XEX8RBTPGH;
						TestTargetID = 8554545219F63EAC0042B3BB;
					};
				};
			};
			buildConfigurationList = 8554544E19F63EAC0042B3BB /* Build configuration list for PBXProject "ios8sample" */;
			compatibilityVersion = "Xcode 3.2";
			developmentRegion = English;
			hasScannedForEncodings = 0;
			knownRegions = (
				en,
				Base,
			);
			mainGroup = 8554544A19F63EAC0042B3BB;
			productRefGroup = 8554545419F63EAC0042B3BB /* Products */;
			projectDirPath = "";
			projectRoot = "";
			targets = (
				8554545219F63EAC0042B3BB /* ios8sample */,
				8554546A19F63EAD0042B3BB /* ios8sampleTests */,
			);
		};
/* End PBXProject section */

/* Begin PBXResourcesBuildPhase section */
		8554545119F63EAC0042B3BB /* Resources */ = {
			isa = PBXResourcesBuildPhase;
			buildActionMask = 2147483647;
			files = (
				859F2D511A36E74E00DDE28B /* Images.xcassets in Resources */,
				8554546119F63EAC0042B3BB /* Main.storyboard in Resources */,
				859F2D4D1A36923900DDE28B /* imagess13.jpg in Resources */,
				859F2D461A36923900DDE28B /* imagess6.jpg in Resources */,
				859F2D4C1A36923900DDE28B /* imagess12.jpg in Resources */,
				859F2D431A36923900DDE28B /* imagess3.jpg in Resources */,
				859F2D441A36923900DDE28B /* imagess4.jpg in Resources */,
				856DF9A71A26CD5300BF8ED2 /* image7.jpg in Resources */,
				856DF9A51A26CD5300BF8ED2 /* image5.jpg in Resources */,
				859F2D481A36923900DDE28B /* imagess8.jpg in Resources */,
				859F2D4B1A36923900DDE28B /* imagess11.jpg in Resources */,
				859F2D4A1A36923900DDE28B /* imagess10.jpg in Resources */,
				856DF9A81A26CD5300BF8ED2 /* image8.jpg in Resources */,
				859F2D421A36923900DDE28B /* imagess2.jpeg in Resources */,
				856DF9A21A26CD5300BF8ED2 /* image2.jpg in Resources */,
				859F2D411A36923900DDE28B /* imagess1.jpg in Resources */,
				859F2D451A36923900DDE28B /* imagess5.jpg in Resources */,
				856DF9A11A26CD5300BF8ED2 /* image1.jpg in Resources */,
				856DF9A31A26CD5300BF8ED2 /* image3.jpg in Resources */,
				856DF9A41A26CD5300BF8ED2 /* image4.jpg in Resources */,
				856DF9A61A26CD5300BF8ED2 /* image6.jpg in Resources */,
				8554546619F63EAC0042B3BB /* LaunchScreen.xib in Resources */,
				859F2D4E1A36923900DDE28B /* imagess14.jpg in Resources */,
				859F2D491A36923900DDE28B /* imagess9.jpg in Resources */,
				859F2D4F1A36923900DDE28B /* imagess15.jpg in Resources */,
				859F2D471A36923900DDE28B /* imagess7.jpg in Resources */,
			);
			runOnlyForDeploymentPostprocessing = 0;
		};
		8554546919F63EAD0042B3BB /* Resources */ = {
			isa = PBXResourcesBuildPhase;
			buildActionMask = 2147483647;
			files = (
			);
			runOnlyForDeploymentPostprocessing = 0;
		};
/* End PBXResourcesBuildPhase section */

/* Begin PBXSourcesBuildPhase section */
		8554544F19F63EAC0042B3BB /* Sources */ = {
			isa = PBXSourcesBuildPhase;
			buildActionMask = 2147483647;
			files = (
				858EDFDD19F663C7003ABE5D /* LoginViewController.swift in Sources */,
				8589563219FB81E90012C080 /* ZAPZAPTableViewCell.swift in Sources */,
				856642241A09E50200501021 /* ProductTableViewController.swift in Sources */,
				85B933031A09B7980014161F /* SketchCollectionViewCell.swift in Sources */,
				856642221A09E1DC00501021 /* SketchImageViewController.swift in Sources */,
				858956F919FE363B0012C080 /* ZamperlaLocationViewController.swift in Sources */,
				85FCD5621A240CE30004AAD3 /* MenuTransitionManager.swift in Sources */,
				858EDFDB19F64C0E003ABE5D /* SecondViewController.swift in Sources */,
				855801A01A00EEA30071EAE2 /* ContactViewController.swift in Sources */,
				856DF9971A244E4100BF8ED2 /* CustomMenuViewController.swift in Sources */,
				85CB9F3A1A2C3898007834DB /* CustomPage2ndViewController.swift in Sources */,
				858956F519FE10350012C080 /* InitialZAPViewController.swift in Sources */,
				859F39601A29536B0081092E /* CustomPageViewController.swift in Sources */,
				855A7B2E1A2FFB73001097BE /* PageItem3rdViewController.swift in Sources */,
				859F39621A295A600081092E /* PageItemViewController.swift in Sources */,
				85F79E571ABBFBBB00C9DA6E /* NestedCollectionViewCell.swift in Sources */,
				85EFDF2B19FF74AC00782ECE /* WebsiteViewController.swift in Sources */,
				85B933011A09B20A0014161F /* SketchViewController.swift in Sources */,
				858956F719FE12DB0012C080 /* LocationViewController.swift in Sources */,
				8554547C19F63ECA0042B3BB /* ZAPCollectionViewCell.swift in Sources */,
				8599ED471A8EFA2600018BD8 /* RLMSupport.swift in Sources */,
				859F395C1A27FC860081092E /* CustomScrollViewController.swift in Sources */,
				85D7FCA41A1C82B90024F20A /* ViewRidesViewController.swift in Sources */,
				859F395E1A281FED0081092E /* CustomScrollContainerViewController.swift in Sources */,
				858EDFDF19F663D5003ABE5D /* RegisterViewController.swift in Sources */,
				856642261A09E54300501021 /* ProductTableViewCell.swift in Sources */,
				85CB9F3C1A2C38B6007834DB /* PageItem2ndViewController.swift in Sources */,
				857769A11AB95FB70035D72D /* CategoryTableViewController.swift in Sources */,
				85F79E551ABBD0B800C9DA6E /* NestedViewController.swift in Sources */,
				85425A621A00D010007DDF09 /* AboutUsViewController.swift in Sources */,
				8554545E19F63EAC0042B3BB /* ViewController.swift in Sources */,
				8554545C19F63EAC0042B3BB /* ios8sample.xcdatamodeld in Sources */,
				85425A671A00DCFD007DDF09 /* TestViewController.swift in Sources */,
				855A7B301A2FFB83001097BE /* CustomPage3rdViewController.swift in Sources */,
				8554545919F63EAC0042B3BB /* AppDelegate.swift in Sources */,
				857769A31AB961850035D72D /* CategoryTableViewCell.swift in Sources */,
			);
			runOnlyForDeploymentPostprocessing = 0;
		};
		8554546719F63EAD0042B3BB /* Sources */ = {
			isa = PBXSourcesBuildPhase;
			buildActionMask = 2147483647;
			files = (
				8554547219F63EAD0042B3BB /* ios8sampleTests.swift in Sources */,
			);
			runOnlyForDeploymentPostprocessing = 0;
		};
/* End PBXSourcesBuildPhase section */

/* Begin PBXTargetDependency section */
		8554546D19F63EAD0042B3BB /* PBXTargetDependency */ = {
			isa = PBXTargetDependency;
			target = 8554545219F63EAC0042B3BB /* ios8sample */;
			targetProxy = 8554546C19F63EAD0042B3BB /* PBXContainerItemProxy */;
		};
/* End PBXTargetDependency section */

/* Begin PBXVariantGroup section */
		8554545F19F63EAC0042B3BB /* Main.storyboard */ = {
			isa = PBXVariantGroup;
			children = (
				8554546019F63EAC0042B3BB /* Base */,
			);
			name = Main.storyboard;
			sourceTree = "<group>";
		};
		8554546419F63EAC0042B3BB /* LaunchScreen.xib */ = {
			isa = PBXVariantGroup;
			children = (
				8554546519F63EAC0042B3BB /* Base */,
			);
			name = LaunchScreen.xib;
			sourceTree = "<group>";
		};
/* End PBXVariantGroup section */

/* Begin XCBuildConfiguration section */
		8554547319F63EAD0042B3BB /* Debug */ = {
			isa = XCBuildConfiguration;
			buildSettings = {
				ALWAYS_SEARCH_USER_PATHS = NO;
				CLANG_CXX_LANGUAGE_STANDARD = "gnu++0x";
				CLANG_CXX_LIBRARY = "libc++";
				CLANG_ENABLE_MODULES = YES;
				CLANG_ENABLE_OBJC_ARC = YES;
				CLANG_WARN_BOOL_CONVERSION = YES;
				CLANG_WARN_CONSTANT_CONVERSION = YES;
				CLANG_WARN_DIRECT_OBJC_ISA_USAGE = YES_ERROR;
				CLANG_WARN_EMPTY_BODY = YES;
				CLANG_WARN_ENUM_CONVERSION = YES;
				CLANG_WARN_INT_CONVERSION = YES;
				CLANG_WARN_OBJC_ROOT_CLASS = YES_ERROR;
				CLANG_WARN_UNREACHABLE_CODE = YES;
				CLANG_WARN__DUPLICATE_METHOD_MATCH = YES;
				CODE_SIGN_IDENTITY = "iOS Development: Joey Serquina (6TZVN7QG59)";
				COPY_PHASE_STRIP = NO;
				ENABLE_STRICT_OBJC_MSGSEND = YES;
				GCC_C_LANGUAGE_STANDARD = gnu99;
				GCC_DYNAMIC_NO_PIC = NO;
				GCC_OPTIMIZATION_LEVEL = 0;
				GCC_PREPROCESSOR_DEFINITIONS = (
					"DEBUG=1",
					"$(inherited)",
				);
				GCC_SYMBOLS_PRIVATE_EXTERN = NO;
				GCC_WARN_64_TO_32_BIT_CONVERSION = YES;
				GCC_WARN_ABOUT_RETURN_TYPE = YES_ERROR;
				GCC_WARN_UNDECLARED_SELECTOR = YES;
				GCC_WARN_UNINITIALIZED_AUTOS = YES_AGGRESSIVE;
				GCC_WARN_UNUSED_FUNCTION = YES;
				GCC_WARN_UNUSED_VARIABLE = YES;
				IPHONEOS_DEPLOYMENT_TARGET = 8.1;
				MTL_ENABLE_DEBUG_INFO = YES;
				ONLY_ACTIVE_ARCH = YES;
				PROVISIONING_PROFILE = "fb406433-2d79-44f5-9606-fe489b5f655d";
				SDKROOT = iphoneos;
				SWIFT_OPTIMIZATION_LEVEL = "-Onone";
				TARGETED_DEVICE_FAMILY = "1,2";
			};
			name = Debug;
		};
		8554547419F63EAD0042B3BB /* Release */ = {
			isa = XCBuildConfiguration;
			buildSettings = {
				ALWAYS_SEARCH_USER_PATHS = NO;
				CLANG_CXX_LANGUAGE_STANDARD = "gnu++0x";
				CLANG_CXX_LIBRARY = "libc++";
				CLANG_ENABLE_MODULES = YES;
				CLANG_ENABLE_OBJC_ARC = YES;
				CLANG_WARN_BOOL_CONVERSION = YES;
				CLANG_WARN_CONSTANT_CONVERSION = YES;
				CLANG_WARN_DIRECT_OBJC_ISA_USAGE = YES_ERROR;
				CLANG_WARN_EMPTY_BODY = YES;
				CLANG_WARN_ENUM_CONVERSION = YES;
				CLANG_WARN_INT_CONVERSION = YES;
				CLANG_WARN_OBJC_ROOT_CLASS = YES_ERROR;
				CLANG_WARN_UNREACHABLE_CODE = YES;
				CLANG_WARN__DUPLICATE_METHOD_MATCH = YES;
				CODE_SIGN_IDENTITY = "iOS Development: Joey Serquina (6TZVN7QG59)";
				COPY_PHASE_STRIP = YES;
				ENABLE_NS_ASSERTIONS = NO;
				ENABLE_STRICT_OBJC_MSGSEND = YES;
				GCC_C_LANGUAGE_STANDARD = gnu99;
				GCC_WARN_64_TO_32_BIT_CONVERSION = YES;
				GCC_WARN_ABOUT_RETURN_TYPE = YES_ERROR;
				GCC_WARN_UNDECLARED_SELECTOR = YES;
				GCC_WARN_UNINITIALIZED_AUTOS = YES_AGGRESSIVE;
				GCC_WARN_UNUSED_FUNCTION = YES;
				GCC_WARN_UNUSED_VARIABLE = YES;
				IPHONEOS_DEPLOYMENT_TARGET = 8.1;
				MTL_ENABLE_DEBUG_INFO = NO;
				PROVISIONING_PROFILE = "fb406433-2d79-44f5-9606-fe489b5f655d";
				SDKROOT = iphoneos;
				TARGETED_DEVICE_FAMILY = "1,2";
				VALIDATE_PRODUCT = YES;
			};
			name = Release;
		};
		8554547619F63EAD0042B3BB /* Debug */ = {
			isa = XCBuildConfiguration;
			buildSettings = {
				ASSETCATALOG_COMPILER_APPICON_NAME = AppIcon;
				CLANG_ENABLE_MODULES = YES;
				CODE_SIGN_IDENTITY = "iOS Development: Joey Serquina (6TZVN7QG59)";
				"CODE_SIGN_IDENTITY[sdk=iphoneos*]" = "iOS Development: Joey Serquina (6TZVN7QG59)";
				DEFINES_MODULE = YES;
				FRAMEWORK_SEARCH_PATHS = (
					"$(inherited)",
					"$(PROJECT_DIR)/parse-library-1.4.1",
					"$(PROJECT_DIR)",
					"$(PROJECT_DIR)/ios8sample/parse-library-1.4.2",
				);
				INFOPLIST_FILE = ios8sample/Info.plist;
				IPHONEOS_DEPLOYMENT_TARGET = 8.1;
				LD_RUNPATH_SEARCH_PATHS = "$(inherited) @executable_path/Frameworks";
				PRODUCT_NAME = "$(TARGET_NAME)";
				PROVISIONING_PROFILE = "ff437984-c214-4f95-9411-da0313713ef6";
				SWIFT_OBJC_BRIDGING_HEADER = "ios8sample-Bridging-Header.h";
				SWIFT_OPTIMIZATION_LEVEL = "-Onone";
				TREAT_MISSING_BASELINES_AS_TEST_FAILURES = YES;
			};
			name = Debug;
		};
		8554547719F63EAD0042B3BB /* Release */ = {
			isa = XCBuildConfiguration;
			buildSettings = {
				ASSETCATALOG_COMPILER_APPICON_NAME = AppIcon;
				CLANG_ENABLE_MODULES = YES;
				CODE_SIGN_IDENTITY = "iOS Development: Joey Serquina (6TZVN7QG59)";
				"CODE_SIGN_IDENTITY[sdk=iphoneos*]" = "iOS Development: Joey Serquina (6TZVN7QG59)";
				DEFINES_MODULE = YES;
				FRAMEWORK_SEARCH_PATHS = (
					"$(inherited)",
					"$(PROJECT_DIR)/parse-library-1.4.1",
					"$(PROJECT_DIR)",
					"$(PROJECT_DIR)/ios8sample/parse-library-1.4.2",
				);
				INFOPLIST_FILE = ios8sample/Info.plist;
				IPHONEOS_DEPLOYMENT_TARGET = 8.1;
				LD_RUNPATH_SEARCH_PATHS = "$(inherited) @executable_path/Frameworks";
				PRODUCT_NAME = "$(TARGET_NAME)";
				PROVISIONING_PROFILE = "ff437984-c214-4f95-9411-da0313713ef6";
				"PROVISIONING_PROFILE[sdk=iphoneos8.1]" = "ff437984-c214-4f95-9411-da0313713ef6";
				SWIFT_OBJC_BRIDGING_HEADER = "ios8sample-Bridging-Header.h";
				"TEST_HOST[sdk=*]" = "";
				TREAT_MISSING_BASELINES_AS_TEST_FAILURES = YES;
			};
			name = Release;
		};
		8554547919F63EAD0042B3BB /* Debug */ = {
			isa = XCBuildConfiguration;
			buildSettings = {
				BUNDLE_LOADER = "$(TEST_HOST)";
				CODE_SIGN_IDENTITY = "iPhone Developer";
				"CODE_SIGN_IDENTITY[sdk=iphoneos*]" = "iPhone Developer";
				FRAMEWORK_SEARCH_PATHS = (
					"$(SDKROOT)/Developer/Library/Frameworks",
					"$(inherited)",
				);
				GCC_PREPROCESSOR_DEFINITIONS = (
					"DEBUG=1",
					"$(inherited)",
				);
				INFOPLIST_FILE = ios8sampleTests/Info.plist;
				LD_RUNPATH_SEARCH_PATHS = "$(inherited) @executable_path/Frameworks @loader_path/Frameworks";
				PRODUCT_NAME = "$(TARGET_NAME)";
				PROVISIONING_PROFILE = "";
				TEST_HOST = "$(BUILT_PRODUCTS_DIR)/ios8sample.app/ios8sample";
			};
			name = Debug;
		};
		8554547A19F63EAD0042B3BB /* Release */ = {
			isa = XCBuildConfiguration;
			buildSettings = {
				BUNDLE_LOADER = "$(TEST_HOST)";
				CODE_SIGN_IDENTITY = "iPhone Developer";
				"CODE_SIGN_IDENTITY[sdk=iphoneos*]" = "iPhone Developer";
				FRAMEWORK_SEARCH_PATHS = (
					"$(SDKROOT)/Developer/Library/Frameworks",
					"$(inherited)",
				);
				INFOPLIST_FILE = ios8sampleTests/Info.plist;
				LD_RUNPATH_SEARCH_PATHS = "$(inherited) @executable_path/Frameworks @loader_path/Frameworks";
				PRODUCT_NAME = "$(TARGET_NAME)";
				PROVISIONING_PROFILE = "";
				TEST_HOST = "$(BUILT_PRODUCTS_DIR)/ios8sample.app/ios8sample";
			};
			name = Release;
		};
/* End XCBuildConfiguration section */

/* Begin XCConfigurationList section */
		8554544E19F63EAC0042B3BB /* Build configuration list for PBXProject "ios8sample" */ = {
			isa = XCConfigurationList;
			buildConfigurations = (
				8554547319F63EAD0042B3BB /* Debug */,
				8554547419F63EAD0042B3BB /* Release */,
			);
			defaultConfigurationIsVisible = 0;
			defaultConfigurationName = Release;
		};
		8554547519F63EAD0042B3BB /* Build configuration list for PBXNativeTarget "ios8sample" */ = {
			isa = XCConfigurationList;
			buildConfigurations = (
				8554547619F63EAD0042B3BB /* Debug */,
				8554547719F63EAD0042B3BB /* Release */,
			);
			defaultConfigurationIsVisible = 0;
			defaultConfigurationName = Release;
		};
		8554547819F63EAD0042B3BB /* Build configuration list for PBXNativeTarget "ios8sampleTests" */ = {
			isa = XCConfigurationList;
			buildConfigurations = (
				8554547919F63EAD0042B3BB /* Debug */,
				8554547A19F63EAD0042B3BB /* Release */,
			);
			defaultConfigurationIsVisible = 0;
			defaultConfigurationName = Release;
		};
/* End XCConfigurationList section */

/* Begin XCVersionGroup section */
		8554545A19F63EAC0042B3BB /* ios8sample.xcdatamodeld */ = {
			isa = XCVersionGroup;
			children = (
				8554545B19F63EAC0042B3BB /* ios8sample.xcdatamodel */,
			);
			currentVersion = 8554545B19F63EAC0042B3BB /* ios8sample.xcdatamodel */;
			path = ios8sample.xcdatamodeld;
			sourceTree = "<group>";
			versionGroupType = wrapper.xcdatamodel;
		};
/* End XCVersionGroup section */
	};
	rootObject = 8554544B19F63EAC0042B3BB /* Project object */;
}
